
Microsoft Visual Studio Solution File, Format Version 12.00
# Visual Studio Version 16
VisualStudioVersion = 16.0.29911.84
MinimumVisualStudioVersion = 10.0.40219.1
Project("{888888A0-9F3D-457C-B088-3A5042F75D52}") = "DCA2020", "DCA2020.pyproj", "{FCFD1464-50E8-46E8-A958-3F99022BDA1E}"
EndProject
Global
	GlobalSection(SolutionConfigurationPlatforms) = preSolution
		Debug|Any CPU = Debug|Any CPU
		Release|Any CPU = Release|Any CPU
	EndGlobalSection
	GlobalSection(ProjectConfigurationPlatforms) = postSolution
		{FCFD1464-50E8-46E8-A958-3F99022BDA1E}.Debug|Any CPU.ActiveCfg = Debug|Any CPU
		{FCFD1464-50E8-46E8-A958-3F99022BDA1E}.Release|Any CPU.ActiveCfg = Release|Any CPU
	EndGlobalSection
	GlobalSection(SolutionProperties) = preSolution
		HideSolutionNode = FALSE
	EndGlobalSection
	GlobalSection(ExtensibilityGlobals) = postSolution
		SolutionGuid = {8DEBB1F9-2BE7-47BE-8548-7F7634AEE1C6}
	EndGlobalSection
EndGlobal
